
Microsoft Visual Studio Solution File, Format Version 12.00
# Visual Studio Version 17
VisualStudioVersion = 17.10.35027.167
MinimumVisualStudioVersion = 10.0.40219.1
Project("{FAE04EC0-301F-11D3-BF4B-00C04F79EFBC}") = "BlogLab", "BlogLab\BlogLab.csproj", "{5788C639-0477-471A-B8AD-452F24BFC052}"
EndProject
Global
	GlobalSection(SolutionConfigurationPlatforms) = preSolution
		Debug|Any CPU = Debug|Any CPU
		Release|Any CPU = Release|Any CPU
	EndGlobalSection
	GlobalSection(ProjectConfigurationPlatforms) = postSolution
		{5788C639-0477-471A-B8AD-452F24BFC052}.Debug|Any CPU.ActiveCfg = Debug|Any CPU
		{5788C639-0477-471A-B8AD-452F24BFC052}.Debug|Any CPU.Build.0 = Debug|Any CPU
		{5788C639-0477-471A-B8AD-452F24BFC052}.Release|Any CPU.ActiveCfg = Release|Any CPU
		{5788C639-0477-471A-B8AD-452F24BFC052}.Release|Any CPU.Build.0 = Release|Any CPU
	EndGlobalSection
	GlobalSection(SolutionProperties) = preSolution
		HideSolutionNode = FALSE
	EndGlobalSection
	GlobalSection(ExtensibilityGlobals) = postSolution
		SolutionGuid = {A7A3C195-2026-4822-97C9-6EEE97490458}
	EndGlobalSection
EndGlobal
